{
  "version": 4,
  "terraform_version": "0.14.4",
  "serial": 3,
  "lineage": "71f52eff-fe07-2281-3c47-3fe2dae1f4a6",
  "outputs": {},
  "resources": [
    {
      "mode": "managed",
      "type": "esxi_guest",
      "name": "controller0",
      "provider": "provider[\"registry.terraform.io/josenk/esxi\"]",
      "instances": [
        {
          "schema_version": 0,
          "attributes": {
            "boot_disk_size": null,
            "boot_disk_type": "thin",
            "clone_from_vm": null,
            "disk_store": "datastore1",
            "guest_name": "controller0",
            "guest_shutdown_timeout": 20,
            "guest_startup_timeout": 120,
            "guestinfo": null,
            "guestos": "other",
            "host_ovf": null,
            "id": "1",
            "ip_address": "",
            "memsize": "16384",
            "network_interfaces": [
              {
                "mac_address": "52:54:00:f1:f1:6e",
                "nic_type": "e1000",
                "virtual_network": "VM Network"
              }
            ],
            "notes": "",
            "numvcpus": "2",
            "ovf_properties": [],
            "ovf_properties_timer": 0,
            "ovf_source": "/tmp/packer/controller/centos-7.9-x86_64-controller.vmx",
            "power": "off",
            "resource_pool_name": "/",
            "virthwver": "9",
            "virtual_disks": []
          },
          "sensitive_attributes": [],
          "private": "bnVsbA=="
        }
      ]
    }
  ]
}
