{
  "version": 4,
  "terraform_version": "0.14.4",
  "serial": 59,
  "lineage": "71f52eff-fe07-2281-3c47-3fe2dae1f4a6",
  "outputs": {},
  "resources": [
    {
      "module": "module.node[\"controller0\"]",
      "mode": "managed",
      "type": "esxi_guest",
      "name": "main",
      "provider": "provider[\"registry.terraform.io/josenk/esxi\"]",
      "instances": [
        {
          "schema_version": 0,
          "attributes": {
            "boot_disk_size": null,
            "boot_disk_type": "thin",
            "clone_from_vm": null,
            "disk_store": "datastore1",
            "guest_name": "controller0",
            "guest_shutdown_timeout": 20,
            "guest_startup_timeout": 120,
            "guestinfo": null,
            "guestos": "centos-64",
            "host_ovf": null,
            "id": "41",
            "ip_address": "",
            "memsize": "8192",
            "network_interfaces": [
              {
                "mac_address": "52:54:00:8e:94:6c",
                "nic_type": "e1000",
                "virtual_network": "VM Network"
              }
            ],
            "notes": "",
            "numvcpus": "2",
            "ovf_properties": [],
            "ovf_properties_timer": 0,
            "ovf_source": "/usr/local/etc/packer/controller/centos-7.9-x86_64-controller.vmx",
            "power": "on",
            "resource_pool_name": "/",
            "virthwver": "9",
            "virtual_disks": []
          },
          "sensitive_attributes": [],
          "private": "bnVsbA=="
        }
      ]
    },
    {
      "module": "module.node[\"worker0\"]",
      "mode": "managed",
      "type": "esxi_guest",
      "name": "main",
      "provider": "provider[\"registry.terraform.io/josenk/esxi\"]",
      "instances": [
        {
          "schema_version": 0,
          "attributes": {
            "boot_disk_size": null,
            "boot_disk_type": "thin",
            "clone_from_vm": null,
            "disk_store": "datastore1",
            "guest_name": "worker0",
            "guest_shutdown_timeout": 20,
            "guest_startup_timeout": 120,
            "guestinfo": null,
            "guestos": "centos-64",
            "host_ovf": null,
            "id": "42",
            "ip_address": "",
            "memsize": "8192",
            "network_interfaces": [
              {
                "mac_address": "52:54:00:9a:a3:df",
                "nic_type": "e1000",
                "virtual_network": "VM Network"
              }
            ],
            "notes": "",
            "numvcpus": "2",
            "ovf_properties": [],
            "ovf_properties_timer": 0,
            "ovf_source": "/usr/local/etc/packer/worker/centos-7.9-x86_64-worker.vmx",
            "power": "on",
            "resource_pool_name": "/",
            "virthwver": "9",
            "virtual_disks": []
          },
          "sensitive_attributes": [],
          "private": "bnVsbA=="
        }
      ]
    },
    {
      "module": "module.node[\"worker1\"]",
      "mode": "managed",
      "type": "esxi_guest",
      "name": "main",
      "provider": "provider[\"registry.terraform.io/josenk/esxi\"]",
      "instances": [
        {
          "schema_version": 0,
          "attributes": {
            "boot_disk_size": null,
            "boot_disk_type": "thin",
            "clone_from_vm": null,
            "disk_store": "datastore1",
            "guest_name": "worker1",
            "guest_shutdown_timeout": 20,
            "guest_startup_timeout": 120,
            "guestinfo": null,
            "guestos": "centos-64",
            "host_ovf": null,
            "id": "43",
            "ip_address": "",
            "memsize": "8192",
            "network_interfaces": [
              {
                "mac_address": "52:54:00:98:21:be",
                "nic_type": "e1000",
                "virtual_network": "VM Network"
              }
            ],
            "notes": "",
            "numvcpus": "2",
            "ovf_properties": [],
            "ovf_properties_timer": 0,
            "ovf_source": "/usr/local/etc/packer/worker/centos-7.9-x86_64-worker.vmx",
            "power": "on",
            "resource_pool_name": "/",
            "virthwver": "9",
            "virtual_disks": []
          },
          "sensitive_attributes": [],
          "private": "bnVsbA=="
        }
      ]
    }
  ]
}
